dependencies:
- name: kube-prometheus-stack
  repository: https://prometheus-community.github.io/helm-charts
  version: 16.1.2
- name: oracle-db-exporter
  repository: https://ifsclouddev.jfrog.io/artifactory/helm/
  version: 2.2.0
- name: fluentd
  repository: https://ifsclouddev.jfrog.io/artifactory/helm/
  version: 2.4.2
- name: elasticsearch
  repository: https://helm.elastic.co
  version: 7.9.2
- name: kibana
  repository: https://helm.elastic.co
  version: 7.9.2
- name: elasticsearch-curator
  repository: https://charts.helm.sh/stable
  version: 2.2.3
digest: sha256:f6259e0066df27e6acdcfb90b46d61b0f0141b8a8e7f1abb367dcae29d999f49
generated: "2021-08-04T09:10:07.90140752Z"
